# generated by rye
# use `rye lock` or `rye sync` to update this lockfile
#
# last locked with the following flags:
#   pre: false
#   features: []
#   all-features: false
#   with-sources: false
#   generate-hashes: false
#   universal: false

-e file:.
absl-py==2.1.0
    # via tensorboard
aiobotocore==2.4.1
    # via instanovo
aiohttp==3.9.5
    # via aiobotocore
    # via datasets
    # via fsspec
aioitertools==0.11.0
    # via aiobotocore
aiosignal==1.3.1
    # via aiohttp
antlr4-python3-runtime==4.9.3
    # via omegaconf
appdirs==1.4.4
    # via spectrum-utils
asttokens==2.4.1
    # via stack-data
async-timeout==4.0.3
    # via aiohttp
attrs==23.2.0
    # via aiohttp
boto3==1.24.59
    # via instanovo
botocore==1.27.59
    # via aiobotocore
    # via boto3
    # via instanovo
    # via s3transfer
cachetools==5.4.0
    # via google-auth
certifi==2024.7.4
    # via requests
cfgv==3.4.0
    # via pre-commit
charset-normalizer==3.3.2
    # via requests
click==8.1.7
    # via instanovo
    # via jiwer
cloudpathlib==0.10.0
    # via instanovo
comm==0.2.2
    # via ipykernel
contourpy==1.2.1
    # via matplotlib
cycler==0.12.1
    # via matplotlib
datasets==2.14.5
    # via instanovo
debugpy==1.8.2
    # via ipykernel
decorator==5.1.1
    # via ipython
deprecated==1.2.14
    # via matchms
depthcharge-ms==0.1.0
    # via instanovo
dill==0.3.7
    # via datasets
    # via multiprocess
distlib==0.3.8
    # via virtualenv
einops==0.8.0
    # via depthcharge-ms
exceptiongroup==1.2.2
    # via ipython
executing==2.0.1
    # via stack-data
fastobo==0.12.3
    # via spectrum-utils
fastprogress==1.0.3
    # via instanovo
filelock==3.15.4
    # via huggingface-hub
    # via torch
    # via triton
    # via virtualenv
fonttools==4.53.1
    # via matplotlib
frozenlist==1.4.1
    # via aiohttp
    # via aiosignal
fsspec==2023.6.0
    # via datasets
    # via huggingface-hub
    # via pytorch-lightning
    # via torch
google-auth==2.32.0
    # via google-auth-oauthlib
    # via tensorboard
google-auth-oauthlib==0.4.6
    # via tensorboard
grpcio==1.65.1
    # via tensorboard
h5py==3.11.0
    # via depthcharge-ms
huggingface-hub==0.24.0
    # via datasets
identify==2.6.0
    # via pre-commit
idna==3.7
    # via requests
    # via yarl
instanovo==0.1.7
    # via hackathon-indaba-senegal-2024
ipykernel==6.29.5
    # via hackathon-indaba-senegal-2024
ipython==8.26.0
    # via ipykernel
jedi==0.19.1
    # via ipython
jinja2==3.1.4
    # via torch
jiwer==3.0.3
    # via instanovo
jmespath==1.0.1
    # via boto3
    # via botocore
joblib==1.4.2
    # via scikit-learn
jupyter-client==8.6.2
    # via ipykernel
jupyter-core==5.7.2
    # via ipykernel
    # via jupyter-client
kiwisolver==1.4.5
    # via matplotlib
lark==1.1.9
    # via spectrum-utils
lightning-utilities==0.11.5
    # via pytorch-lightning
    # via torchmetrics
llvmlite==0.40.1
    # via numba
lxml==4.9.4
    # via depthcharge-ms
    # via matchms
markdown==3.6
    # via tensorboard
markupsafe==2.1.5
    # via jinja2
    # via werkzeug
matchms==0.22.0
    # via instanovo
matplotlib==3.7.2
    # via instanovo
    # via matchms
    # via pyopenms
    # via seaborn
    # via spectrum-utils
matplotlib-inline==0.1.7
    # via ipykernel
    # via ipython
mpmath==1.3.0
    # via sympy
multidict==6.0.5
    # via aiohttp
    # via yarl
multiprocess==0.70.15
    # via datasets
nest-asyncio==1.6.0
    # via ipykernel
networkx==3.3
    # via matchms
    # via torch
nodeenv==1.9.1
    # via pre-commit
numba==0.57.1
    # via depthcharge-ms
    # via instanovo
    # via matchms
    # via sparsestack
    # via spectrum-utils
numpy==1.23.3
    # via contourpy
    # via datasets
    # via depthcharge-ms
    # via h5py
    # via instanovo
    # via matchms
    # via matplotlib
    # via numba
    # via pandas
    # via pyarrow
    # via pyopenms
    # via pytorch-lightning
    # via rdkit
    # via scikit-learn
    # via scipy
    # via seaborn
    # via sparsestack
    # via spectrum-utils
    # via tensorboard
    # via tensorboardx
    # via torchmetrics
nvidia-cublas-cu12==12.1.3.1
    # via nvidia-cudnn-cu12
    # via nvidia-cusolver-cu12
    # via torch
nvidia-cuda-cupti-cu12==12.1.105
    # via torch
nvidia-cuda-nvrtc-cu12==12.1.105
    # via torch
nvidia-cuda-runtime-cu12==12.1.105
    # via torch
nvidia-cudnn-cu12==8.9.2.26
    # via torch
nvidia-cufft-cu12==11.0.2.54
    # via torch
nvidia-curand-cu12==10.3.2.106
    # via torch
nvidia-cusolver-cu12==11.4.5.107
    # via torch
nvidia-cusparse-cu12==12.1.0.106
    # via nvidia-cusolver-cu12
    # via torch
nvidia-nccl-cu12==2.19.3
    # via torch
nvidia-nvjitlink-cu12==12.5.82
    # via nvidia-cusolver-cu12
    # via nvidia-cusparse-cu12
nvidia-nvtx-cu12==12.1.105
    # via torch
oauthlib==3.2.2
    # via requests-oauthlib
omegaconf==2.2.3
    # via instanovo
packaging==24.1
    # via datasets
    # via huggingface-hub
    # via ipykernel
    # via lightning-utilities
    # via matplotlib
    # via pytorch-lightning
    # via torchmetrics
pandas==2.0.3
    # via datasets
    # via depthcharge-ms
    # via instanovo
    # via matchms
    # via pyopenms
    # via seaborn
parso==0.8.4
    # via jedi
pexpect==4.9.0
    # via ipython
pickydict==0.4.0
    # via matchms
pillow==10.4.0
    # via matchms
    # via matplotlib
    # via rdkit
pip==24.1.2
    # via hackathon-indaba-senegal-2024
platformdirs==4.2.2
    # via jupyter-core
    # via virtualenv
polars==0.19.7
    # via instanovo
pre-commit==3.7.1
    # via hackathon-indaba-senegal-2024
prompt-toolkit==3.0.47
    # via ipython
protobuf==3.19.6
    # via instanovo
    # via tensorboard
    # via tensorboardx
psutil==6.0.0
    # via ipykernel
ptyprocess==0.7.0
    # via pexpect
pure-eval==0.2.3
    # via stack-data
pyarrow==15.0.0
    # via datasets
    # via instanovo
pyasn1==0.6.0
    # via pyasn1-modules
    # via rsa
pyasn1-modules==0.4.0
    # via google-auth
pygments==2.18.0
    # via ipython
pyopenms==3.1.0
    # via instanovo
pyparsing==3.0.9
    # via matplotlib
pyteomics==4.7.2
    # via depthcharge-ms
    # via matchms
    # via spectrum-utils
python-dateutil==2.9.0.post0
    # via botocore
    # via jupyter-client
    # via matplotlib
    # via pandas
python-dotenv==0.21.0
    # via instanovo
pytorch-lightning==1.8.6
    # via depthcharge-ms
    # via instanovo
pytz==2024.1
    # via pandas
pyyaml==6.0.1
    # via datasets
    # via huggingface-hub
    # via matchms
    # via omegaconf
    # via pre-commit
    # via pytorch-lightning
pyzmq==26.0.3
    # via ipykernel
    # via jupyter-client
rapidfuzz==3.9.4
    # via jiwer
rdkit==2023.9.6
    # via matchms
requests==2.32.3
    # via datasets
    # via fsspec
    # via huggingface-hub
    # via matchms
    # via requests-oauthlib
    # via tensorboard
requests-oauthlib==2.0.0
    # via google-auth-oauthlib
rsa==4.9
    # via google-auth
s3transfer==0.6.2
    # via boto3
scikit-learn==1.1.2
    # via instanovo
scipy==1.10.1
    # via matchms
    # via scikit-learn
    # via sparsestack
seaborn==0.12.0
    # via instanovo
setuptools==71.1.0
    # via lightning-utilities
    # via tensorboard
six==1.16.0
    # via asttokens
    # via python-dateutil
sparsestack==0.4.1
    # via matchms
spectrum-utils==0.4.1
    # via instanovo
stack-data==0.6.3
    # via ipython
sympy==1.13.1
    # via torch
tensorboard==2.10.1
    # via instanovo
tensorboard-data-server==0.6.1
    # via tensorboard
tensorboard-plugin-wit==1.8.1
    # via tensorboard
tensorboardx==2.5.1
    # via instanovo
    # via pytorch-lightning
threadpoolctl==3.5.0
    # via scikit-learn
torch==2.2.1
    # via depthcharge-ms
    # via instanovo
    # via pytorch-lightning
    # via torchmetrics
torchmetrics==1.4.0.post0
    # via pytorch-lightning
tornado==6.4.1
    # via ipykernel
    # via jupyter-client
tqdm==4.65.0
    # via datasets
    # via huggingface-hub
    # via instanovo
    # via matchms
    # via pytorch-lightning
traitlets==5.14.3
    # via comm
    # via ipykernel
    # via ipython
    # via jupyter-client
    # via jupyter-core
    # via matplotlib-inline
transfusion-asr==0.1.0
    # via instanovo
triton==2.2.0
    # via torch
typing-extensions==4.12.2
    # via huggingface-hub
    # via ipython
    # via lightning-utilities
    # via pytorch-lightning
    # via torch
tzdata==2024.1
    # via pandas
urllib3==1.26.19
    # via botocore
    # via requests
virtualenv==20.26.3
    # via pre-commit
wcwidth==0.2.13
    # via prompt-toolkit
werkzeug==3.0.3
    # via tensorboard
wheel==0.43.0
    # via tensorboard
wrapt==1.16.0
    # via aiobotocore
    # via deprecated
xxhash==3.4.1
    # via datasets
yarl==1.9.4
    # via aiohttp
